
Microsoft Visual Studio Solution File, Format Version 12.00
# Visual Studio Version 17
VisualStudioVersion = 17.3.32922.545
MinimumVisualStudioVersion = 10.0.40219.1
Project("{2150E333-8FDC-42A3-9474-1A3956D46DE8}") = "Solution Items", "Solution Items", "{B273A3A6-CCA2-4CF3-8C85-C87BD298191C}"
	ProjectSection(SolutionItems) = preProject
		..\.gitignore = ..\.gitignore
		..\LICENSE = ..\LICENSE
	EndProjectSection
EndProject
Project("{2150E333-8FDC-42A3-9474-1A3956D46DE8}") = "externals", "externals", "{620B0187-D26F-4DE5-BD0A-714D2F7E5373}"
	ProjectSection(SolutionItems) = preProject
		externals\atoarrows = externals\atoarrows
		externals\AtosArrows.dll = externals\AtosArrows.dll
	EndProjectSection
EndProject
Project("{2150E333-8FDC-42A3-9474-1A3956D46DE8}") = ".github", ".github", "{21A28A06-99CB-4A2E-9425-B6F9937D479F}"
EndProject
Project("{2150E333-8FDC-42A3-9474-1A3956D46DE8}") = "workflows", "workflows", "{12848C40-5C21-47FA-9660-7D9922381505}"
	ProjectSection(SolutionItems) = preProject
		..\.github\workflows\discord.yml = ..\.github\workflows\discord.yml
		..\.github\workflows\nuget.autoupdate.yml = ..\.github\workflows\nuget.autoupdate.yml
		..\.github\workflows\nuget.release.yml = ..\.github\workflows\nuget.release.yml
	EndProjectSection
EndProject
Project("{9A19103F-16F7-4668-BE54-9A1E7A4F7556}") = "AtosArrowsJVL", "AtosArrowsJVL\AtosArrowsJVL.csproj", "{4A3BD60A-3E8F-4CA9-A88F-B87DFCCA28BD}"
EndProject
Project("{2150E333-8FDC-42A3-9474-1A3956D46DE8}") = "docs", "docs", "{6799A244-4862-4FD6-B27D-D743542803AD}"
	ProjectSection(SolutionItems) = preProject
		..\docs\README.md = ..\docs\README.md
	EndProjectSection
EndProject
Project("{9A19103F-16F7-4668-BE54-9A1E7A4F7556}") = "UnitTests", "UnitTests\UnitTests.csproj", "{F7070C75-12B8-400E-BFC0-4D9D4AE576FD}"
EndProject
Global
	GlobalSection(SolutionConfigurationPlatforms) = preSolution
		Debug|Any CPU = Debug|Any CPU
		DebugNoDeploy|Any CPU = DebugNoDeploy|Any CPU
		Release|Any CPU = Release|Any CPU
	EndGlobalSection
	GlobalSection(ProjectConfigurationPlatforms) = postSolution
		{4A3BD60A-3E8F-4CA9-A88F-B87DFCCA28BD}.Debug|Any CPU.ActiveCfg = Debug|Any CPU
		{4A3BD60A-3E8F-4CA9-A88F-B87DFCCA28BD}.Debug|Any CPU.Build.0 = Debug|Any CPU
		{4A3BD60A-3E8F-4CA9-A88F-B87DFCCA28BD}.DebugNoDeploy|Any CPU.ActiveCfg = DebugNoDeploy|Any CPU
		{4A3BD60A-3E8F-4CA9-A88F-B87DFCCA28BD}.DebugNoDeploy|Any CPU.Build.0 = DebugNoDeploy|Any CPU
		{4A3BD60A-3E8F-4CA9-A88F-B87DFCCA28BD}.Release|Any CPU.ActiveCfg = Release|Any CPU
		{4A3BD60A-3E8F-4CA9-A88F-B87DFCCA28BD}.Release|Any CPU.Build.0 = Release|Any CPU
		{F7070C75-12B8-400E-BFC0-4D9D4AE576FD}.Debug|Any CPU.ActiveCfg = Debug|Any CPU
		{F7070C75-12B8-400E-BFC0-4D9D4AE576FD}.Debug|Any CPU.Build.0 = Debug|Any CPU
		{F7070C75-12B8-400E-BFC0-4D9D4AE576FD}.DebugNoDeploy|Any CPU.ActiveCfg = Debug|Any CPU
		{F7070C75-12B8-400E-BFC0-4D9D4AE576FD}.DebugNoDeploy|Any CPU.Build.0 = Debug|Any CPU
		{F7070C75-12B8-400E-BFC0-4D9D4AE576FD}.Release|Any CPU.ActiveCfg = Release|Any CPU
		{F7070C75-12B8-400E-BFC0-4D9D4AE576FD}.Release|Any CPU.Build.0 = Release|Any CPU
	EndGlobalSection
	GlobalSection(SolutionProperties) = preSolution
		HideSolutionNode = FALSE
	EndGlobalSection
	GlobalSection(NestedProjects) = preSolution
		{620B0187-D26F-4DE5-BD0A-714D2F7E5373} = {B273A3A6-CCA2-4CF3-8C85-C87BD298191C}
		{21A28A06-99CB-4A2E-9425-B6F9937D479F} = {B273A3A6-CCA2-4CF3-8C85-C87BD298191C}
		{12848C40-5C21-47FA-9660-7D9922381505} = {21A28A06-99CB-4A2E-9425-B6F9937D479F}
		{6799A244-4862-4FD6-B27D-D743542803AD} = {B273A3A6-CCA2-4CF3-8C85-C87BD298191C}
	EndGlobalSection
	GlobalSection(ExtensibilityGlobals) = postSolution
		SolutionGuid = {205232EB-96BF-418C-8D3E-33234BF45774}
	EndGlobalSection
EndGlobal
